
Microsoft Visual Studio Solution File, Format Version 12.00
# Visual Studio Version 17
VisualStudioVersion = 17.5.33414.496
MinimumVisualStudioVersion = 10.0.40219.1
Project("{FAE04EC0-301F-11D3-BF4B-00C04F79EFBC}") = "Variables", "Variables\Variables.csproj", "{E86E2141-2D2F-4631-86CE-0999D045E512}"
EndProject
Global
	GlobalSection(SolutionConfigurationPlatforms) = preSolution
		Debug|Any CPU = Debug|Any CPU
		Release|Any CPU = Release|Any CPU
	EndGlobalSection
	GlobalSection(ProjectConfigurationPlatforms) = postSolution
		{E86E2141-2D2F-4631-86CE-0999D045E512}.Debug|Any CPU.ActiveCfg = Debug|Any CPU
		{E86E2141-2D2F-4631-86CE-0999D045E512}.Debug|Any CPU.Build.0 = Debug|Any CPU
		{E86E2141-2D2F-4631-86CE-0999D045E512}.Release|Any CPU.ActiveCfg = Release|Any CPU
		{E86E2141-2D2F-4631-86CE-0999D045E512}.Release|Any CPU.Build.0 = Release|Any CPU
	EndGlobalSection
	GlobalSection(SolutionProperties) = preSolution
		HideSolutionNode = FALSE
	EndGlobalSection
	GlobalSection(ExtensibilityGlobals) = postSolution
		SolutionGuid = {5A9FD625-ED66-4E25-938C-8EB69D7E8B1B}
	EndGlobalSection
EndGlobal
